
Microsoft Visual Studio Solution File, Format Version 12.00
# Visual Studio 15
VisualStudioVersion = 15.0.26730.12
MinimumVisualStudioVersion = 10.0.40219.1
Project("{FAE04EC0-301F-11D3-BF4B-00C04F79EFBC}") = "WebAppMvc_Anc20_core_IndAuth_1", "WebAppMvc_Anc20_core_IndAuth_1\WebAppMvc_Anc20_core_IndAuth_1.csproj", "{7081D72D-2CA4-4B6F-9352-71995F3BDEE5}"
EndProject
Global
	GlobalSection(SolutionConfigurationPlatforms) = preSolution
		Debug|Any CPU = Debug|Any CPU
		Release|Any CPU = Release|Any CPU
	EndGlobalSection
	GlobalSection(ProjectConfigurationPlatforms) = postSolution
		{7081D72D-2CA4-4B6F-9352-71995F3BDEE5}.Debug|Any CPU.ActiveCfg = Debug|Any CPU
		{7081D72D-2CA4-4B6F-9352-71995F3BDEE5}.Debug|Any CPU.Build.0 = Debug|Any CPU
		{7081D72D-2CA4-4B6F-9352-71995F3BDEE5}.Release|Any CPU.ActiveCfg = Release|Any CPU
		{7081D72D-2CA4-4B6F-9352-71995F3BDEE5}.Release|Any CPU.Build.0 = Release|Any CPU
	EndGlobalSection
	GlobalSection(SolutionProperties) = preSolution
		HideSolutionNode = FALSE
	EndGlobalSection
	GlobalSection(ExtensibilityGlobals) = postSolution
		SolutionGuid = {C14BFA1E-3A90-4126-B387-43F7A6B041F6}
	EndGlobalSection
EndGlobal
