
Microsoft Visual Studio Solution File, Format Version 12.00
# Visual Studio 15
VisualStudioVersion = 15.0.26507.0
MinimumVisualStudioVersion = 10.0.40219.1
Project("{9A19103F-16F7-4668-BE54-9A1E7A4F7556}") = "WebApp_Anc20_core_IndAuth_1", "WebApp_Anc20_core_IndAuth_1\WebApp_Anc20_core_IndAuth_1.csproj", "{74176A53-1FCF-46A1-A73D-46347B92D3CD}"
EndProject
Global
	GlobalSection(SolutionConfigurationPlatforms) = preSolution
		Debug|Any CPU = Debug|Any CPU
		Release|Any CPU = Release|Any CPU
	EndGlobalSection
	GlobalSection(ProjectConfigurationPlatforms) = postSolution
		{74176A53-1FCF-46A1-A73D-46347B92D3CD}.Debug|Any CPU.ActiveCfg = Debug|Any CPU
		{74176A53-1FCF-46A1-A73D-46347B92D3CD}.Debug|Any CPU.Build.0 = Debug|Any CPU
		{74176A53-1FCF-46A1-A73D-46347B92D3CD}.Release|Any CPU.ActiveCfg = Release|Any CPU
		{74176A53-1FCF-46A1-A73D-46347B92D3CD}.Release|Any CPU.Build.0 = Release|Any CPU
	EndGlobalSection
	GlobalSection(SolutionProperties) = preSolution
		HideSolutionNode = FALSE
	EndGlobalSection
EndGlobal
