
Microsoft Visual Studio Solution File, Format Version 12.00
# Visual Studio 15
VisualStudioVersion = 15.0.27130.2036
MinimumVisualStudioVersion = 10.0.40219.1
Project("{F184B08F-C81C-45F6-A57F-5ABD9991F28F}") = "WebApiApp_net461_vb_NoAuth_1", "WebApiApp_net461_vb_NoAuth_1\WebApiApp_net461_vb_NoAuth_1.vbproj", "{51F37FC2-FD68-44A9-A8A9-E5C7E61DE859}"
EndProject
Global
	GlobalSection(SolutionConfigurationPlatforms) = preSolution
		Debug|Any CPU = Debug|Any CPU
		Release|Any CPU = Release|Any CPU
	EndGlobalSection
	GlobalSection(ProjectConfigurationPlatforms) = postSolution
		{51F37FC2-FD68-44A9-A8A9-E5C7E61DE859}.Debug|Any CPU.ActiveCfg = Debug|Any CPU
		{51F37FC2-FD68-44A9-A8A9-E5C7E61DE859}.Debug|Any CPU.Build.0 = Debug|Any CPU
		{51F37FC2-FD68-44A9-A8A9-E5C7E61DE859}.Release|Any CPU.ActiveCfg = Release|Any CPU
		{51F37FC2-FD68-44A9-A8A9-E5C7E61DE859}.Release|Any CPU.Build.0 = Release|Any CPU
	EndGlobalSection
	GlobalSection(SolutionProperties) = preSolution
		HideSolutionNode = FALSE
	EndGlobalSection
	GlobalSection(ExtensibilityGlobals) = postSolution
		SolutionGuid = {962E77C8-F3F8-4519-B879-03DD0A658B58}
	EndGlobalSection
EndGlobal
